
Microsoft Visual Studio Solution File, Format Version 12.00
# Visual Studio Version 16
VisualStudioVersion = 16.0.29609.76
MinimumVisualStudioVersion = 10.0.40219.1
Project("{9A19103F-16F7-4668-BE54-9A1E7A4F7556}") = "BetterPowerShellClient", "BetterPowerShellClient\BetterPowerShellClient.csproj", "{8309921C-B238-4BE1-A98D-797377A93ED0}"
EndProject
Project("{FAE04EC0-301F-11D3-BF4B-00C04F79EFBC}") = "BetterPowerShellClient.Tests", "BetterPowerShellClient.Tests\BetterPowerShellClient.Tests.csproj", "{75829F39-493B-453B-A634-B2D98C2619A4}"
EndProject
Project("{2150E333-8FDC-42A3-9474-1A3956D46DE8}") = "Solution Items", "Solution Items", "{C2A5E566-7CBC-4040-9CA9-24B419966CCD}"
	ProjectSection(SolutionItems) = preProject
		.editorconfig = .editorconfig
		.gitignore = .gitignore
		LICENSE = LICENSE
		Logo-Icons.pdn = Logo-Icons.pdn
		Logo.ico = Logo.ico
		Logo.png = Logo.png
		README.md = README.md
	EndProjectSection
EndProject
Global
	GlobalSection(SolutionConfigurationPlatforms) = preSolution
		Debug|Any CPU = Debug|Any CPU
		Release|Any CPU = Release|Any CPU
	EndGlobalSection
	GlobalSection(ProjectConfigurationPlatforms) = postSolution
		{8309921C-B238-4BE1-A98D-797377A93ED0}.Debug|Any CPU.ActiveCfg = Debug|Any CPU
		{8309921C-B238-4BE1-A98D-797377A93ED0}.Debug|Any CPU.Build.0 = Debug|Any CPU
		{8309921C-B238-4BE1-A98D-797377A93ED0}.Release|Any CPU.ActiveCfg = Release|Any CPU
		{8309921C-B238-4BE1-A98D-797377A93ED0}.Release|Any CPU.Build.0 = Release|Any CPU
		{75829F39-493B-453B-A634-B2D98C2619A4}.Debug|Any CPU.ActiveCfg = Debug|Any CPU
		{75829F39-493B-453B-A634-B2D98C2619A4}.Debug|Any CPU.Build.0 = Debug|Any CPU
		{75829F39-493B-453B-A634-B2D98C2619A4}.Release|Any CPU.ActiveCfg = Release|Any CPU
		{75829F39-493B-453B-A634-B2D98C2619A4}.Release|Any CPU.Build.0 = Release|Any CPU
	EndGlobalSection
	GlobalSection(SolutionProperties) = preSolution
		HideSolutionNode = FALSE
	EndGlobalSection
	GlobalSection(ExtensibilityGlobals) = postSolution
		SolutionGuid = {74C3B89C-18CD-4AC4-A760-C66521F37B72}
	EndGlobalSection
EndGlobal
